PODS:
  - CryptoSwift (0.15.0)
  - SwiftyBootpay (2.1.18):
    - CryptoSwift

DEPENDENCIES:
  - CryptoSwift (~> 0.15.0)
  - SwiftyBootpay (~> 2.1.18)

SPEC REPOS:
  https://github.com/cocoapods/specs.git:
    - CryptoSwift
    - SwiftyBootpay

SPEC CHECKSUMS:
  CryptoSwift: 769f58a9e89f64e8796c2e59ce5f002dc81a2438
  SwiftyBootpay: d05eedd055094c0490f99bd6f850085ae352bea7

PODFILE CHECKSUM: 57904b1d81225087279ff9d14fd38abdbe6f0fda

COCOAPODS: 1.6.1
