// !$*UTF8*$!
{
	archiveVersion = 1;
	classes = {
	};
	objectVersion = 50;
	objects = {

/* Begin PBXBuildFile section */
		57D9251B227DAF190044E96B /* LoginViewController.swift in Sources */ = {isa = PBXBuildFile; fileRef = 57D9251A227DAF190044E96B /* LoginViewController.swift */; };
		57D9251D227DAF6B0044E96B /* KakaoLoginButton.swift in Sources */ = {isa = PBXBuildFile; fileRef = 57D9251C227DAF6B0044E96B /* KakaoLoginButton.swift */; };
		57D92521227DAFAE0044E96B /* KakaoOpenSDK.framework in Frameworks */ = {isa = PBXBuildFile; fileRef = 57D92520227DAFAE0044E96B /* KakaoOpenSDK.framework */; };
		57D92525227ED12E0044E96B /* MypageViewController.swift in Sources */ = {isa = PBXBuildFile; fileRef = 57D92524227ED12E0044E96B /* MypageViewController.swift */; };
		D67B8F8A22685F3D009FEBD5 /* AppDelegate.swift in Sources */ = {isa = PBXBuildFile; fileRef = D67B8F8922685F3D009FEBD5 /* AppDelegate.swift */; };
		D67B8F8C22685F3D009FEBD5 /* ViewController.swift in Sources */ = {isa = PBXBuildFile; fileRef = D67B8F8B22685F3D009FEBD5 /* ViewController.swift */; };
		D67B8F8F22685F3D009FEBD5 /* Main.storyboard in Resources */ = {isa = PBXBuildFile; fileRef = D67B8F8D22685F3D009FEBD5 /* Main.storyboard */; };
		D67B8F9422685F3E009FEBD5 /* LaunchScreen.storyboard in Resources */ = {isa = PBXBuildFile; fileRef = D67B8F9222685F3E009FEBD5 /* LaunchScreen.storyboard */; };
		D67B8F9C22685F8F009FEBD5 /* DataCenter.swift in Sources */ = {isa = PBXBuildFile; fileRef = D67B8F9B22685F8F009FEBD5 /* DataCenter.swift */; };
		D67B8F9E226869D4009FEBD5 /* MenuTableViewController.swift in Sources */ = {isa = PBXBuildFile; fileRef = D67B8F9D226869D4009FEBD5 /* MenuTableViewController.swift */; };
		D67B8FA022687A43009FEBD5 /* DetailViewController.swift in Sources */ = {isa = PBXBuildFile; fileRef = D67B8F9F22687A43009FEBD5 /* DetailViewController.swift */; };
		D68E3EB722840D9F004EE3EC /* CartTableViewCell.swift in Sources */ = {isa = PBXBuildFile; fileRef = D68E3EB622840D9F004EE3EC /* CartTableViewCell.swift */; };
		D68E3EB922843B5F004EE3EC /* Order.storyboard in Resources */ = {isa = PBXBuildFile; fileRef = D68E3EB822843B5F004EE3EC /* Order.storyboard */; };
		D6E96A03227C100C009A3E04 /* HomeViewController.swift in Sources */ = {isa = PBXBuildFile; fileRef = D6E96A02227C100C009A3E04 /* HomeViewController.swift */; };
		D6E96A05227C133A009A3E04 /* StampViewController.swift in Sources */ = {isa = PBXBuildFile; fileRef = D6E96A04227C133A009A3E04 /* StampViewController.swift */; };
		D6E96A07227C2246009A3E04 /* CouponViewController.swift in Sources */ = {isa = PBXBuildFile; fileRef = D6E96A06227C2246009A3E04 /* CouponViewController.swift */; };
		D6E96A09227C4819009A3E04 /* MyPageStoryboard.storyboard in Resources */ = {isa = PBXBuildFile; fileRef = D6E96A08227C4819009A3E04 /* MyPageStoryboard.storyboard */; };
		D6E96A0B227C4891009A3E04 /* MyMenu.storyboard in Resources */ = {isa = PBXBuildFile; fileRef = D6E96A0A227C4891009A3E04 /* MyMenu.storyboard */; };
		D6E96A0D227C4906009A3E04 /* PayStoryboard.storyboard in Resources */ = {isa = PBXBuildFile; fileRef = D6E96A0C227C4906009A3E04 /* PayStoryboard.storyboard */; };
		D6E96A0F2281E571009A3E04 /* CartViewController.swift in Sources */ = {isa = PBXBuildFile; fileRef = D6E96A0E2281E571009A3E04 /* CartViewController.swift */; };
		D6E96A112281F76A009A3E04 /* CartDetailViewController.swift in Sources */ = {isa = PBXBuildFile; fileRef = D6E96A102281F76A009A3E04 /* CartDetailViewController.swift */; };
		D6E96A152281FFA3009A3E04 /* Cart.storyboard in Resources */ = {isa = PBXBuildFile; fileRef = D6E96A142281FFA3009A3E04 /* Cart.storyboard */; };
		D6E96A3522833E2E009A3E04 /* Assets.xcassets in Resources */ = {isa = PBXBuildFile; fileRef = D6E96A3422833E2D009A3E04 /* Assets.xcassets */; };
/* End PBXBuildFile section */

/* Begin PBXFileReference section */
		57D9251A227DAF190044E96B /* LoginViewController.swift */ = {isa = PBXFileReference; lastKnownFileType = sourcecode.swift; path = LoginViewController.swift; sourceTree = "<group>"; };
		57D9251C227DAF6B0044E96B /* KakaoLoginButton.swift */ = {isa = PBXFileReference; lastKnownFileType = sourcecode.swift; path = KakaoLoginButton.swift; sourceTree = "<group>"; };
		57D92520227DAFAE0044E96B /* KakaoOpenSDK.framework */ = {isa = PBXFileReference; lastKnownFileType = wrapper.framework; path = KakaoOpenSDK.framework; sourceTree = "<group>"; };
		57D92522227DB0270044E96B /* Briging-Header.h */ = {isa = PBXFileReference; lastKnownFileType = sourcecode.c.h; path = "Briging-Header.h"; sourceTree = "<group>"; };
		57D92524227ED12E0044E96B /* MypageViewController.swift */ = {isa = PBXFileReference; lastKnownFileType = sourcecode.swift; path = MypageViewController.swift; sourceTree = "<group>"; };
		D67B8F8622685F3D009FEBD5 /* SmartOrder.app */ = {isa = PBXFileReference; explicitFileType = wrapper.application; includeInIndex = 0; path = SmartOrder.app; sourceTree = BUILT_PRODUCTS_DIR; };
		D67B8F8922685F3D009FEBD5 /* AppDelegate.swift */ = {isa = PBXFileReference; lastKnownFileType = sourcecode.swift; path = AppDelegate.swift; sourceTree = "<group>"; };
		D67B8F8B22685F3D009FEBD5 /* ViewController.swift */ = {isa = PBXFileReference; lastKnownFileType = sourcecode.swift; path = ViewController.swift; sourceTree = "<group>"; };
		D67B8F8E22685F3D009FEBD5 /* Base */ = {isa = PBXFileReference; lastKnownFileType = file.storyboard; name = Base; path = Base.lproj/Main.storyboard; sourceTree = "<group>"; };
		D67B8F9322685F3E009FEBD5 /* Base */ = {isa = PBXFileReference; lastKnownFileType = file.storyboard; name = Base; path = Base.lproj/LaunchScreen.storyboard; sourceTree = "<group>"; };
		D67B8F9522685F3E009FEBD5 /* Info.plist */ = {isa = PBXFileReference; lastKnownFileType = text.plist.xml; path = Info.plist; sourceTree = "<group>"; };
		D67B8F9B22685F8F009FEBD5 /* DataCenter.swift */ = {isa = PBXFileReference; lastKnownFileType = sourcecode.swift; path = DataCenter.swift; sourceTree = "<group>"; };
		D67B8F9D226869D4009FEBD5 /* MenuTableViewController.swift */ = {isa = PBXFileReference; lastKnownFileType = sourcecode.swift; path = MenuTableViewController.swift; sourceTree = "<group>"; };
		D67B8F9F22687A43009FEBD5 /* DetailViewController.swift */ = {isa = PBXFileReference; lastKnownFileType = sourcecode.swift; path = DetailViewController.swift; sourceTree = "<group>"; };
		D68E3EB622840D9F004EE3EC /* CartTableViewCell.swift */ = {isa = PBXFileReference; lastKnownFileType = sourcecode.swift; path = CartTableViewCell.swift; sourceTree = "<group>"; };
		D68E3EB822843B5F004EE3EC /* Order.storyboard */ = {isa = PBXFileReference; lastKnownFileType = file.storyboard; path = Order.storyboard; sourceTree = "<group>"; };
		D6E96A02227C100C009A3E04 /* HomeViewController.swift */ = {isa = PBXFileReference; lastKnownFileType = sourcecode.swift; path = HomeViewController.swift; sourceTree = "<group>"; };
		D6E96A04227C133A009A3E04 /* StampViewController.swift */ = {isa = PBXFileReference; lastKnownFileType = sourcecode.swift; path = StampViewController.swift; sourceTree = "<group>"; };
		D6E96A06227C2246009A3E04 /* CouponViewController.swift */ = {isa = PBXFileReference; lastKnownFileType = sourcecode.swift; path = CouponViewController.swift; sourceTree = "<group>"; };
		D6E96A08227C4819009A3E04 /* MyPageStoryboard.storyboard */ = {isa = PBXFileReference; lastKnownFileType = file.storyboard; path = MyPageStoryboard.storyboard; sourceTree = "<group>"; };
		D6E96A0A227C4891009A3E04 /* MyMenu.storyboard */ = {isa = PBXFileReference; lastKnownFileType = file.storyboard; path = MyMenu.storyboard; sourceTree = "<group>"; };
		D6E96A0C227C4906009A3E04 /* PayStoryboard.storyboard */ = {isa = PBXFileReference; lastKnownFileType = file.storyboard; path = PayStoryboard.storyboard; sourceTree = "<group>"; };
		D6E96A0E2281E571009A3E04 /* CartViewController.swift */ = {isa = PBXFileReference; lastKnownFileType = sourcecode.swift; path = CartViewController.swift; sourceTree = "<group>"; };
		D6E96A102281F76A009A3E04 /* CartDetailViewController.swift */ = {isa = PBXFileReference; lastKnownFileType = sourcecode.swift; path = CartDetailViewController.swift; sourceTree = "<group>"; };
		D6E96A142281FFA3009A3E04 /* Cart.storyboard */ = {isa = PBXFileReference; lastKnownFileType = file.storyboard; path = Cart.storyboard; sourceTree = "<group>"; };
		D6E96A3422833E2D009A3E04 /* Assets.xcassets */ = {isa = PBXFileReference; lastKnownFileType = folder.assetcatalog; name = Assets.xcassets; path = ../../../../../../.Trash/Assets.xcassets; sourceTree = "<group>"; };
/* End PBXFileReference section */

/* Begin PBXFrameworksBuildPhase section */
		D67B8F8322685F3D009FEBD5 /* Frameworks */ = {
			isa = PBXFrameworksBuildPhase;
			buildActionMask = 2147483647;
			files = (
				57D92521227DAFAE0044E96B /* KakaoOpenSDK.framework in Frameworks */,
			);
			runOnlyForDeploymentPostprocessing = 0;
		};
/* End PBXFrameworksBuildPhase section */

/* Begin PBXGroup section */
		57D92519227DAF080044E96B /* Kakao */ = {
			isa = PBXGroup;
			children = (
				57D9251A227DAF190044E96B /* LoginViewController.swift */,
				57D9251C227DAF6B0044E96B /* KakaoLoginButton.swift */,
				57D92522227DB0270044E96B /* Briging-Header.h */,
			);
			path = Kakao;
			sourceTree = "<group>";
		};
		57D9251F227DAF9B0044E96B /* Frameworks */ = {
			isa = PBXGroup;
			children = (
				57D92520227DAFAE0044E96B /* KakaoOpenSDK.framework */,
			);
			path = Frameworks;
			sourceTree = "<group>";
		};
		57D92523227ED0E20044E96B /* Mypage */ = {
			isa = PBXGroup;
			children = (
				D6E96A08227C4819009A3E04 /* MyPageStoryboard.storyboard */,
				57D92524227ED12E0044E96B /* MypageViewController.swift */,
			);
			path = Mypage;
			sourceTree = "<group>";
		};
		D67B8F7D22685F3D009FEBD5 = {
			isa = PBXGroup;
			children = (
				57D9251F227DAF9B0044E96B /* Frameworks */,
				D67B8F8822685F3D009FEBD5 /* SmartOrder */,
				D67B8F8722685F3D009FEBD5 /* Products */,
			);
			sourceTree = "<group>";
		};
		D67B8F8722685F3D009FEBD5 /* Products */ = {
			isa = PBXGroup;
			children = (
				D67B8F8622685F3D009FEBD5 /* SmartOrder.app */,
			);
			name = Products;
			sourceTree = "<group>";
		};
		D67B8F8822685F3D009FEBD5 /* SmartOrder */ = {
			isa = PBXGroup;
			children = (
				57D92523227ED0E20044E96B /* Mypage */,
				57D92519227DAF080044E96B /* Kakao */,
				D67B8F8922685F3D009FEBD5 /* AppDelegate.swift */,
				D6E96A0E2281E571009A3E04 /* CartViewController.swift */,
				D6E96A102281F76A009A3E04 /* CartDetailViewController.swift */,
				D67B8F9B22685F8F009FEBD5 /* DataCenter.swift */,
				D6E96A06227C2246009A3E04 /* CouponViewController.swift */,
				D67B8F8B22685F3D009FEBD5 /* ViewController.swift */,
				D67B8F8D22685F3D009FEBD5 /* Main.storyboard */,
				D68E3EB822843B5F004EE3EC /* Order.storyboard */,
				D6E96A0C227C4906009A3E04 /* PayStoryboard.storyboard */,
				D6E96A0A227C4891009A3E04 /* MyMenu.storyboard */,
				D6E96A142281FFA3009A3E04 /* Cart.storyboard */,
				D68E3EB622840D9F004EE3EC /* CartTableViewCell.swift */,
				D6E96A04227C133A009A3E04 /* StampViewController.swift */,
				D6E96A02227C100C009A3E04 /* HomeViewController.swift */,
				D67B8F9F22687A43009FEBD5 /* DetailViewController.swift */,
				D67B8F9D226869D4009FEBD5 /* MenuTableViewController.swift */,
				D6E96A3422833E2D009A3E04 /* Assets.xcassets */,
				D67B8F9222685F3E009FEBD5 /* LaunchScreen.storyboard */,
				D67B8F9522685F3E009FEBD5 /* Info.plist */,
			);
			path = SmartOrder;
			sourceTree = "<group>";
		};
/* End PBXGroup section */

/* Begin PBXNativeTarget section */
		D67B8F8522685F3D009FEBD5 /* SmartOrder */ = {
			isa = PBXNativeTarget;
			buildConfigurationList = D67B8F9822685F3E009FEBD5 /* Build configuration list for PBXNativeTarget "SmartOrder" */;
			buildPhases = (
				D67B8F8222685F3D009FEBD5 /* Sources */,
				D67B8F8322685F3D009FEBD5 /* Frameworks */,
				D67B8F8422685F3D009FEBD5 /* Resources */,
			);
			buildRules = (
			);
			dependencies = (
			);
			name = SmartOrder;
			productName = SmartOrder;
			productReference = D67B8F8622685F3D009FEBD5 /* SmartOrder.app */;
			productType = "com.apple.product-type.application";
		};
/* End PBXNativeTarget section */

/* Begin PBXProject section */
		D67B8F7E22685F3D009FEBD5 /* Project object */ = {
			isa = PBXProject;
			attributes = {
				LastSwiftUpdateCheck = 1010;
				LastUpgradeCheck = 1010;
				ORGANIZATIONNAME = "하영";
				TargetAttributes = {
					D67B8F8522685F3D009FEBD5 = {
						CreatedOnToolsVersion = 10.1;
					};
				};
			};
			buildConfigurationList = D67B8F8122685F3D009FEBD5 /* Build configuration list for PBXProject "SmartOrder" */;
			compatibilityVersion = "Xcode 9.3";
			developmentRegion = en;
			hasScannedForEncodings = 0;
			knownRegions = (
				en,
				Base,
			);
			mainGroup = D67B8F7D22685F3D009FEBD5;
			productRefGroup = D67B8F8722685F3D009FEBD5 /* Products */;
			projectDirPath = "";
			projectRoot = "";
			targets = (
				D67B8F8522685F3D009FEBD5 /* SmartOrder */,
			);
		};
/* End PBXProject section */

/* Begin PBXResourcesBuildPhase section */
		D67B8F8422685F3D009FEBD5 /* Resources */ = {
			isa = PBXResourcesBuildPhase;
			buildActionMask = 2147483647;
			files = (
				D6E96A0D227C4906009A3E04 /* PayStoryboard.storyboard in Resources */,
				D67B8F9422685F3E009FEBD5 /* LaunchScreen.storyboard in Resources */,
				D6E96A09227C4819009A3E04 /* MyPageStoryboard.storyboard in Resources */,
				D68E3EB922843B5F004EE3EC /* Order.storyboard in Resources */,
				D6E96A0B227C4891009A3E04 /* MyMenu.storyboard in Resources */,
				D6E96A3522833E2E009A3E04 /* Assets.xcassets in Resources */,
				D67B8F8F22685F3D009FEBD5 /* Main.storyboard in Resources */,
				D6E96A152281FFA3009A3E04 /* Cart.storyboard in Resources */,
			);
			runOnlyForDeploymentPostprocessing = 0;
		};
/* End PBXResourcesBuildPhase section */

/* Begin PBXSourcesBuildPhase section */
		D67B8F8222685F3D009FEBD5 /* Sources */ = {
			isa = PBXSourcesBuildPhase;
			buildActionMask = 2147483647;
			files = (
				57D9251B227DAF190044E96B /* LoginViewController.swift in Sources */,
				D6E96A07227C2246009A3E04 /* CouponViewController.swift in Sources */,
				D6E96A112281F76A009A3E04 /* CartDetailViewController.swift in Sources */,
				D67B8F9C22685F8F009FEBD5 /* DataCenter.swift in Sources */,
				57D9251D227DAF6B0044E96B /* KakaoLoginButton.swift in Sources */,
				D6E96A0F2281E571009A3E04 /* CartViewController.swift in Sources */,
				D6E96A05227C133A009A3E04 /* StampViewController.swift in Sources */,
				D68E3EB722840D9F004EE3EC /* CartTableViewCell.swift in Sources */,
				D67B8F8C22685F3D009FEBD5 /* ViewController.swift in Sources */,
				D67B8FA022687A43009FEBD5 /* DetailViewController.swift in Sources */,
				D67B8F8A22685F3D009FEBD5 /* AppDelegate.swift in Sources */,
				D67B8F9E226869D4009FEBD5 /* MenuTableViewController.swift in Sources */,
				D6E96A03227C100C009A3E04 /* HomeViewController.swift in Sources */,
				57D92525227ED12E0044E96B /* MypageViewController.swift in Sources */,
			);
			runOnlyForDeploymentPostprocessing = 0;
		};
/* End PBXSourcesBuildPhase section */

/* Begin PBXVariantGroup section */
		D67B8F8D22685F3D009FEBD5 /* Main.storyboard */ = {
			isa = PBXVariantGroup;
			children = (
				D67B8F8E22685F3D009FEBD5 /* Base */,
			);
			name = Main.storyboard;
			sourceTree = "<group>";
		};
		D67B8F9222685F3E009FEBD5 /* LaunchScreen.storyboard */ = {
			isa = PBXVariantGroup;
			children = (
				D67B8F9322685F3E009FEBD5 /* Base */,
			);
			name = LaunchScreen.storyboard;
			sourceTree = "<group>";
		};
/* End PBXVariantGroup section */

/* Begin XCBuildConfiguration section */
		D67B8F9622685F3E009FEBD5 /* Debug */ = {
			isa = XCBuildConfiguration;
			buildSettings = {
				ALWAYS_SEARCH_USER_PATHS = NO;
				CLANG_ANALYZER_NONNULL = YES;
				CLANG_ANALYZER_NUMBER_OBJECT_CONVERSION = YES_AGGRESSIVE;
				CLANG_CXX_LANGUAGE_STANDARD = "gnu++14";
				CLANG_CXX_LIBRARY = "libc++";
				CLANG_ENABLE_MODULES = YES;
				CLANG_ENABLE_OBJC_ARC = YES;
				CLANG_ENABLE_OBJC_WEAK = YES;
				CLANG_WARN_BLOCK_CAPTURE_AUTORELEASING = YES;
				CLANG_WARN_BOOL_CONVERSION = YES;
				CLANG_WARN_COMMA = YES;
				CLANG_WARN_CONSTANT_CONVERSION = YES;
				CLANG_WARN_DEPRECATED_OBJC_IMPLEMENTATIONS = YES;
				CLANG_WARN_DIRECT_OBJC_ISA_USAGE = YES_ERROR;
				CLANG_WARN_DOCUMENTATION_COMMENTS = YES;
				CLANG_WARN_EMPTY_BODY = YES;
				CLANG_WARN_ENUM_CONVERSION = YES;
				CLANG_WARN_INFINITE_RECURSION = YES;
				CLANG_WARN_INT_CONVERSION = YES;
				CLANG_WARN_NON_LITERAL_NULL_CONVERSION = YES;
				CLANG_WARN_OBJC_IMPLICIT_RETAIN_SELF = YES;
				CLANG_WARN_OBJC_LITERAL_CONVERSION = YES;
				CLANG_WARN_OBJC_ROOT_CLASS = YES_ERROR;
				CLANG_WARN_RANGE_LOOP_ANALYSIS = YES;
				CLANG_WARN_STRICT_PROTOTYPES = YES;
				CLANG_WARN_SUSPICIOUS_MOVE = YES;
				CLANG_WARN_UNGUARDED_AVAILABILITY = YES_AGGRESSIVE;
				CLANG_WARN_UNREACHABLE_CODE = YES;
				CLANG_WARN__DUPLICATE_METHOD_MATCH = YES;
				CODE_SIGN_IDENTITY = "iPhone Developer";
				COPY_PHASE_STRIP = NO;
				DEBUG_INFORMATION_FORMAT = dwarf;
				ENABLE_STRICT_OBJC_MSGSEND = YES;
				ENABLE_TESTABILITY = YES;
				GCC_C_LANGUAGE_STANDARD = gnu11;
				GCC_DYNAMIC_NO_PIC = NO;
				GCC_NO_COMMON_BLOCKS = YES;
				GCC_OPTIMIZATION_LEVEL = 0;
				GCC_PREPROCESSOR_DEFINITIONS = (
					"DEBUG=1",
					"$(inherited)",
				);
				GCC_WARN_64_TO_32_BIT_CONVERSION = YES;
				GCC_WARN_ABOUT_RETURN_TYPE = YES_ERROR;
				GCC_WARN_UNDECLARED_SELECTOR = YES;
				GCC_WARN_UNINITIALIZED_AUTOS = YES_AGGRESSIVE;
				GCC_WARN_UNUSED_FUNCTION = YES;
				GCC_WARN_UNUSED_VARIABLE = YES;
				IPHONEOS_DEPLOYMENT_TARGET = 12.1;
				MTL_ENABLE_DEBUG_INFO = INCLUDE_SOURCE;
				MTL_FAST_MATH = YES;
				ONLY_ACTIVE_ARCH = YES;
				SDKROOT = iphoneos;
				SWIFT_ACTIVE_COMPILATION_CONDITIONS = DEBUG;
				SWIFT_OPTIMIZATION_LEVEL = "-Onone";
			};
			name = Debug;
		};
		D67B8F9722685F3E009FEBD5 /* Release */ = {
			isa = XCBuildConfiguration;
			buildSettings = {
				ALWAYS_SEARCH_USER_PATHS = NO;
				CLANG_ANALYZER_NONNULL = YES;
				CLANG_ANALYZER_NUMBER_OBJECT_CONVERSION = YES_AGGRESSIVE;
				CLANG_CXX_LANGUAGE_STANDARD = "gnu++14";
				CLANG_CXX_LIBRARY = "libc++";
				CLANG_ENABLE_MODULES = YES;
				CLANG_ENABLE_OBJC_ARC = YES;
				CLANG_ENABLE_OBJC_WEAK = YES;
				CLANG_WARN_BLOCK_CAPTURE_AUTORELEASING = YES;
				CLANG_WARN_BOOL_CONVERSION = YES;
				CLANG_WARN_COMMA = YES;
				CLANG_WARN_CONSTANT_CONVERSION = YES;
				CLANG_WARN_DEPRECATED_OBJC_IMPLEMENTATIONS = YES;
				CLANG_WARN_DIRECT_OBJC_ISA_USAGE = YES_ERROR;
				CLANG_WARN_DOCUMENTATION_COMMENTS = YES;
				CLANG_WARN_EMPTY_BODY = YES;
				CLANG_WARN_ENUM_CONVERSION = YES;
				CLANG_WARN_INFINITE_RECURSION = YES;
				CLANG_WARN_INT_CONVERSION = YES;
				CLANG_WARN_NON_LITERAL_NULL_CONVERSION = YES;
				CLANG_WARN_OBJC_IMPLICIT_RETAIN_SELF = YES;
				CLANG_WARN_OBJC_LITERAL_CONVERSION = YES;
				CLANG_WARN_OBJC_ROOT_CLASS = YES_ERROR;
				CLANG_WARN_RANGE_LOOP_ANALYSIS = YES;
				CLANG_WARN_STRICT_PROTOTYPES = YES;
				CLANG_WARN_SUSPICIOUS_MOVE = YES;
				CLANG_WARN_UNGUARDED_AVAILABILITY = YES_AGGRESSIVE;
				CLANG_WARN_UNREACHABLE_CODE = YES;
				CLANG_WARN__DUPLICATE_METHOD_MATCH = YES;
				CODE_SIGN_IDENTITY = "iPhone Developer";
				COPY_PHASE_STRIP = NO;
				DEBUG_INFORMATION_FORMAT = "dwarf-with-dsym";
				ENABLE_NS_ASSERTIONS = NO;
				ENABLE_STRICT_OBJC_MSGSEND = YES;
				GCC_C_LANGUAGE_STANDARD = gnu11;
				GCC_NO_COMMON_BLOCKS = YES;
				GCC_WARN_64_TO_32_BIT_CONVERSION = YES;
				GCC_WARN_ABOUT_RETURN_TYPE = YES_ERROR;
				GCC_WARN_UNDECLARED_SELECTOR = YES;
				GCC_WARN_UNINITIALIZED_AUTOS = YES_AGGRESSIVE;
				GCC_WARN_UNUSED_FUNCTION = YES;
				GCC_WARN_UNUSED_VARIABLE = YES;
				IPHONEOS_DEPLOYMENT_TARGET = 12.1;
				MTL_ENABLE_DEBUG_INFO = NO;
				MTL_FAST_MATH = YES;
				SDKROOT = iphoneos;
				SWIFT_COMPILATION_MODE = wholemodule;
				SWIFT_OPTIMIZATION_LEVEL = "-O";
				VALIDATE_PRODUCT = YES;
			};
			name = Release;
		};
		D67B8F9922685F3E009FEBD5 /* Debug */ = {
			isa = XCBuildConfiguration;
			buildSettings = {
				ASSETCATALOG_COMPILER_APPICON_NAME = AppIcon;
				CODE_SIGN_STYLE = Automatic;
				FRAMEWORK_SEARCH_PATHS = (
					"$(inherited)",
					"$(PROJECT_DIR)/Frameworks",
				);
				INFOPLIST_FILE = SmartOrder/Info.plist;
				LD_RUNPATH_SEARCH_PATHS = (
					"$(inherited)",
					"@executable_path/Frameworks",
				);
				OTHER_LDFLAGS = "-all_load";
				PRODUCT_BUNDLE_IDENTIFIER = com.ha0.SmartOrder;
				PRODUCT_NAME = "$(TARGET_NAME)";
				SWIFT_OBJC_BRIDGING_HEADER = "./SmartOrder/Kakao/Briging-Header.h";
				SWIFT_VERSION = 4.2;
				TARGETED_DEVICE_FAMILY = "1,2";
			};
			name = Debug;
		};
		D67B8F9A22685F3E009FEBD5 /* Release */ = {
			isa = XCBuildConfiguration;
			buildSettings = {
				ASSETCATALOG_COMPILER_APPICON_NAME = AppIcon;
				CODE_SIGN_STYLE = Automatic;
				FRAMEWORK_SEARCH_PATHS = (
					"$(inherited)",
					"$(PROJECT_DIR)/Frameworks",
				);
				INFOPLIST_FILE = SmartOrder/Info.plist;
				LD_RUNPATH_SEARCH_PATHS = (
					"$(inherited)",
					"@executable_path/Frameworks",
				);
				OTHER_LDFLAGS = "-all_load";
				PRODUCT_BUNDLE_IDENTIFIER = com.ha0.SmartOrder;
				PRODUCT_NAME = "$(TARGET_NAME)";
				SWIFT_OBJC_BRIDGING_HEADER = "./SmartOrder/Kakao/Briging-Header.h";
				SWIFT_VERSION = 4.2;
				TARGETED_DEVICE_FAMILY = "1,2";
			};
			name = Release;
		};
/* End XCBuildConfiguration section */

/* Begin XCConfigurationList section */
		D67B8F8122685F3D009FEBD5 /* Build configuration list for PBXProject "SmartOrder" */ = {
			isa = XCConfigurationList;
			buildConfigurations = (
				D67B8F9622685F3E009FEBD5 /* Debug */,
				D67B8F9722685F3E009FEBD5 /* Release */,
			);
			defaultConfigurationIsVisible = 0;
			defaultConfigurationName = Release;
		};
		D67B8F9822685F3E009FEBD5 /* Build configuration list for PBXNativeTarget "SmartOrder" */ = {
			isa = XCConfigurationList;
			buildConfigurations = (
				D67B8F9922685F3E009FEBD5 /* Debug */,
				D67B8F9A22685F3E009FEBD5 /* Release */,
			);
			defaultConfigurationIsVisible = 0;
			defaultConfigurationName = Release;
		};
/* End XCConfigurationList section */
	};
	rootObject = D67B8F7E22685F3D009FEBD5 /* Project object */;
}
